
Microsoft Visual Studio Solution File, Format Version 12.00
# Visual Studio Version 17
VisualStudioVersion = 17.4.33122.133
MinimumVisualStudioVersion = 10.0.40219.1
Project("{FAE04EC0-301F-11D3-BF4B-00C04F79EFBC}") = "Coworking-Booking.Api", "Coworking-Booking.Api\Coworking-Booking.Api.csproj", "{14114A66-DCE1-453E-A829-E2C9EB560860}"
EndProject
Project("{FAE04EC0-301F-11D3-BF4B-00C04F79EFBC}") = "Coworking-Booking.Api.Tests.Unit", "Coworking-Booking.Api.Tests.Unit\Coworking-Booking.Api.Tests.Unit.csproj", "{8634654A-F307-455C-86DB-2CEB708AC101}"
EndProject
Global
	GlobalSection(SolutionConfigurationPlatforms) = preSolution
		Debug|Any CPU = Debug|Any CPU
		Release|Any CPU = Release|Any CPU
	EndGlobalSection
	GlobalSection(ProjectConfigurationPlatforms) = postSolution
		{14114A66-DCE1-453E-A829-E2C9EB560860}.Debug|Any CPU.ActiveCfg = Debug|Any CPU
		{14114A66-DCE1-453E-A829-E2C9EB560860}.Debug|Any CPU.Build.0 = Debug|Any CPU
		{14114A66-DCE1-453E-A829-E2C9EB560860}.Release|Any CPU.ActiveCfg = Release|Any CPU
		{14114A66-DCE1-453E-A829-E2C9EB560860}.Release|Any CPU.Build.0 = Release|Any CPU
		{8634654A-F307-455C-86DB-2CEB708AC101}.Debug|Any CPU.ActiveCfg = Debug|Any CPU
		{8634654A-F307-455C-86DB-2CEB708AC101}.Debug|Any CPU.Build.0 = Debug|Any CPU
		{8634654A-F307-455C-86DB-2CEB708AC101}.Release|Any CPU.ActiveCfg = Release|Any CPU
		{8634654A-F307-455C-86DB-2CEB708AC101}.Release|Any CPU.Build.0 = Release|Any CPU
	EndGlobalSection
	GlobalSection(SolutionProperties) = preSolution
		HideSolutionNode = FALSE
	EndGlobalSection
	GlobalSection(ExtensibilityGlobals) = postSolution
		SolutionGuid = {722ABFA1-8DB0-4493-A3F1-AD17444C16B6}
	EndGlobalSection
EndGlobal
